
Microsoft Visual Studio Solution File, Format Version 12.00
# Visual Studio 14
VisualStudioVersion = 14.0.25420.1
MinimumVisualStudioVersion = 10.0.40219.1
Project("{2150E333-8FDC-42A3-9474-1A3956D46DE8}") = "DOCUMENTACION", "DOCUMENTACION", "{E724F7EF-6EFE-4040-8F6A-65401768456C}"
	ProjectSection(SolutionItems) = preProject
		DOCUMENTACION\CALCU.pptx = DOCUMENTACION\CALCU.pptx
	EndProjectSection
EndProject
Project("{FAE04EC0-301F-11D3-BF4B-00C04F79EFBC}") = "UNACH.Windows.Calculadora", "UNACH.Windows.Calculadora\UNACH.Windows.Calculadora.csproj", "{0BEA17DF-EAD0-4EA7-9892-29D729950760}"
EndProject
Global
	GlobalSection(SolutionConfigurationPlatforms) = preSolution
		Debug|Any CPU = Debug|Any CPU
		Release|Any CPU = Release|Any CPU
	EndGlobalSection
	GlobalSection(ProjectConfigurationPlatforms) = postSolution
		{0BEA17DF-EAD0-4EA7-9892-29D729950760}.Debug|Any CPU.ActiveCfg = Debug|Any CPU
		{0BEA17DF-EAD0-4EA7-9892-29D729950760}.Debug|Any CPU.Build.0 = Debug|Any CPU
		{0BEA17DF-EAD0-4EA7-9892-29D729950760}.Release|Any CPU.ActiveCfg = Release|Any CPU
		{0BEA17DF-EAD0-4EA7-9892-29D729950760}.Release|Any CPU.Build.0 = Release|Any CPU
	EndGlobalSection
	GlobalSection(SolutionProperties) = preSolution
		HideSolutionNode = FALSE
	EndGlobalSection
EndGlobal
